
Microsoft Visual Studio Solution File, Format Version 12.00
# Visual Studio Version 17
VisualStudioVersion = 17.4.33110.190
MinimumVisualStudioVersion = 10.0.40219.1
Project("{FAE04EC0-301F-11D3-BF4B-00C04F79EFBC}") = "appEscola", "appEscola\appEscola.csproj", "{6CEB8243-836C-498D-8236-1BAE654158F6}"
EndProject
Global
	GlobalSection(SolutionConfigurationPlatforms) = preSolution
		Debug|Any CPU = Debug|Any CPU
		Release|Any CPU = Release|Any CPU
	EndGlobalSection
	GlobalSection(ProjectConfigurationPlatforms) = postSolution
		{6CEB8243-836C-498D-8236-1BAE654158F6}.Debug|Any CPU.ActiveCfg = Debug|Any CPU
		{6CEB8243-836C-498D-8236-1BAE654158F6}.Debug|Any CPU.Build.0 = Debug|Any CPU
		{6CEB8243-836C-498D-8236-1BAE654158F6}.Release|Any CPU.ActiveCfg = Release|Any CPU
		{6CEB8243-836C-498D-8236-1BAE654158F6}.Release|Any CPU.Build.0 = Release|Any CPU
	EndGlobalSection
	GlobalSection(SolutionProperties) = preSolution
		HideSolutionNode = FALSE
	EndGlobalSection
	GlobalSection(ExtensibilityGlobals) = postSolution
		SolutionGuid = {D8325958-50D0-4CDE-AB42-DFC7C5303FAE}
	EndGlobalSection
EndGlobal
